// !$*UTF8*$!
{
	archiveVersion = 1;
	classes = {
	};
	objectVersion = 56;
	objects = {

/* Begin PBXBuildFile section */
		2228C2802915124E005394B2 /* main.m in Sources */ = {isa = PBXBuildFile; fileRef = 2228C27F2915124E005394B2 /* main.m */; };
		228D454B292482B9005ED0D3 /* main.m in Sources */ = {isa = PBXBuildFile; fileRef = 228D454A292482B9005ED0D3 /* main.m */; };
		228D455429277684005ED0D3 /* MyWebView.m in Sources */ = {isa = PBXBuildFile; fileRef = 228D455329277684005ED0D3 /* MyWebView.m */; };
		228D455C2929B840005ED0D3 /* main.m in Sources */ = {isa = PBXBuildFile; fileRef = 228D455B2929B840005ED0D3 /* main.m */; };
		229FBA4C293F2A3A00FA0858 /* main.m in Sources */ = {isa = PBXBuildFile; fileRef = 229FBA4B293F2A3A00FA0858 /* main.m */; };
		229FBA572941E68100FA0858 /* main.m in Sources */ = {isa = PBXBuildFile; fileRef = 229FBA562941E68100FA0858 /* main.m */; };
		22A178E929125638009F9B2B /* main.m in Sources */ = {isa = PBXBuildFile; fileRef = 22A178E829125638009F9B2B /* main.m */; };
		22A178F729126A32009F9B2B /* main.m in Sources */ = {isa = PBXBuildFile; fileRef = 22A178F629126A32009F9B2B /* main.m */; };
		22A179022913641F009F9B2B /* main.m in Sources */ = {isa = PBXBuildFile; fileRef = 22A179012913641F009F9B2B /* main.m */; };
/* End PBXBuildFile section */

/* Begin PBXCopyFilesBuildPhase section */
		2228C27B2915124E005394B2 /* CopyFiles */ = {
			isa = PBXCopyFilesBuildPhase;
			buildActionMask = 2147483647;
			dstPath = /usr/share/man/man1/;
			dstSubfolderSpec = 0;
			files = (
			);
			runOnlyForDeploymentPostprocessing = 1;
		};
		228D4546292482B9005ED0D3 /* CopyFiles */ = {
			isa = PBXCopyFilesBuildPhase;
			buildActionMask = 2147483647;
			dstPath = /usr/share/man/man1/;
			dstSubfolderSpec = 0;
			files = (
			);
			runOnlyForDeploymentPostprocessing = 1;
		};
		228D45572929B840005ED0D3 /* CopyFiles */ = {
			isa = PBXCopyFilesBuildPhase;
			buildActionMask = 2147483647;
			dstPath = /usr/share/man/man1/;
			dstSubfolderSpec = 0;
			files = (
			);
			runOnlyForDeploymentPostprocessing = 1;
		};
		229FBA47293F2A3A00FA0858 /* CopyFiles */ = {
			isa = PBXCopyFilesBuildPhase;
			buildActionMask = 2147483647;
			dstPath = /usr/share/man/man1/;
			dstSubfolderSpec = 0;
			files = (
			);
			runOnlyForDeploymentPostprocessing = 1;
		};
		229FBA522941E68100FA0858 /* CopyFiles */ = {
			isa = PBXCopyFilesBuildPhase;
			buildActionMask = 2147483647;
			dstPath = /usr/share/man/man1/;
			dstSubfolderSpec = 0;
			files = (
			);
			runOnlyForDeploymentPostprocessing = 1;
		};
		22A178E329125638009F9B2B /* CopyFiles */ = {
			isa = PBXCopyFilesBuildPhase;
			buildActionMask = 2147483647;
			dstPath = /usr/share/man/man1/;
			dstSubfolderSpec = 0;
			files = (
			);
			runOnlyForDeploymentPostprocessing = 1;
		};
		22A178F229126A32009F9B2B /* CopyFiles */ = {
			isa = PBXCopyFilesBuildPhase;
			buildActionMask = 2147483647;
			dstPath = /usr/share/man/man1/;
			dstSubfolderSpec = 0;
			files = (
			);
			runOnlyForDeploymentPostprocessing = 1;
		};
		22A178FD2913641F009F9B2B /* CopyFiles */ = {
			isa = PBXCopyFilesBuildPhase;
			buildActionMask = 2147483647;
			dstPath = /usr/share/man/man1/;
			dstSubfolderSpec = 0;
			files = (
			);
			runOnlyForDeploymentPostprocessing = 1;
		};
/* End PBXCopyFilesBuildPhase section */

/* Begin PBXFileReference section */
		2228C27D2915124E005394B2 /* 使用NSPopover来显示状态栏应用的内部状态 */ = {isa = PBXFileReference; explicitFileType = "compiled.mach-o.executable"; includeInIndex = 0; path = "使用NSPopover来显示状态栏应用的内部状态"; sourceTree = BUILT_PRODUCTS_DIR; };
		2228C27F2915124E005394B2 /* main.m */ = {isa = PBXFileReference; lastKnownFileType = sourcecode.c.objc; path = main.m; sourceTree = "<group>"; };
		228D4548292482B9005ED0D3 /* webview-OC与JS通讯 */ = {isa = PBXFileReference; explicitFileType = "compiled.mach-o.executable"; includeInIndex = 0; path = "webview-OC与JS通讯"; sourceTree = BUILT_PRODUCTS_DIR; };
		228D454A292482B9005ED0D3 /* main.m */ = {isa = PBXFileReference; lastKnownFileType = sourcecode.c.objc; path = main.m; sourceTree = "<group>"; };
		228D455229277684005ED0D3 /* MyWebView.h */ = {isa = PBXFileReference; lastKnownFileType = sourcecode.c.h; path = MyWebView.h; sourceTree = "<group>"; };
		228D455329277684005ED0D3 /* MyWebView.m */ = {isa = PBXFileReference; lastKnownFileType = sourcecode.c.objc; path = MyWebView.m; sourceTree = "<group>"; };
		228D45592929B840005ED0D3 /* 设置App的delegate */ = {isa = PBXFileReference; explicitFileType = "compiled.mach-o.executable"; includeInIndex = 0; path = "设置App的delegate"; sourceTree = BUILT_PRODUCTS_DIR; };
		228D455B2929B840005ED0D3 /* main.m */ = {isa = PBXFileReference; lastKnownFileType = sourcecode.c.objc; path = main.m; sourceTree = "<group>"; };
		229FBA49293F2A3A00FA0858 /* 打开webview的Inspect */ = {isa = PBXFileReference; explicitFileType = "compiled.mach-o.executable"; includeInIndex = 0; path = "打开webview的Inspect"; sourceTree = BUILT_PRODUCTS_DIR; };
		229FBA4B293F2A3A00FA0858 /* main.m */ = {isa = PBXFileReference; lastKnownFileType = sourcecode.c.objc; path = main.m; sourceTree = "<group>"; };
		229FBA542941E68100FA0858 /* objective-c runtime */ = {isa = PBXFileReference; explicitFileType = "compiled.mach-o.executable"; includeInIndex = 0; path = "objective-c runtime"; sourceTree = BUILT_PRODUCTS_DIR; };
		229FBA562941E68100FA0858 /* main.m */ = {isa = PBXFileReference; lastKnownFileType = sourcecode.c.objc; path = main.m; sourceTree = "<group>"; };
		22A178E529125638009F9B2B /* Explore MacOS Developer */ = {isa = PBXFileReference; explicitFileType = "compiled.mach-o.executable"; includeInIndex = 0; path = "Explore MacOS Developer"; sourceTree = BUILT_PRODUCTS_DIR; };
		22A178E829125638009F9B2B /* main.m */ = {isa = PBXFileReference; lastKnownFileType = sourcecode.c.objc; path = main.m; sourceTree = "<group>"; };
		22A178EF29125A5E009F9B2B /* README.md */ = {isa = PBXFileReference; lastKnownFileType = net.daringfireball.markdown; path = README.md; sourceTree = "<group>"; };
		22A178F429126A32009F9B2B /* 一个简单的webview应用 */ = {isa = PBXFileReference; explicitFileType = "compiled.mach-o.executable"; includeInIndex = 0; path = "一个简单的webview应用"; sourceTree = BUILT_PRODUCTS_DIR; };
		22A178F629126A32009F9B2B /* main.m */ = {isa = PBXFileReference; lastKnownFileType = sourcecode.c.objc; path = main.m; sourceTree = "<group>"; };
		22A178FF2913641F009F9B2B /* 一个简单的状态栏软件 */ = {isa = PBXFileReference; explicitFileType = "compiled.mach-o.executable"; includeInIndex = 0; path = "一个简单的状态栏软件"; sourceTree = BUILT_PRODUCTS_DIR; };
		22A179012913641F009F9B2B /* main.m */ = {isa = PBXFileReference; lastKnownFileType = sourcecode.c.objc; path = main.m; sourceTree = "<group>"; };
/* End PBXFileReference section */

/* Begin PBXFrameworksBuildPhase section */
		2228C27A2915124E005394B2 /* Frameworks */ = {
			isa = PBXFrameworksBuildPhase;
			buildActionMask = 2147483647;
			files = (
			);
			runOnlyForDeploymentPostprocessing = 0;
		};
		228D4545292482B9005ED0D3 /* Frameworks */ = {
			isa = PBXFrameworksBuildPhase;
			buildActionMask = 2147483647;
			files = (
			);
			runOnlyForDeploymentPostprocessing = 0;
		};
		228D45562929B840005ED0D3 /* Frameworks */ = {
			isa = PBXFrameworksBuildPhase;
			buildActionMask = 2147483647;
			files = (
			);
			runOnlyForDeploymentPostprocessing = 0;
		};
		229FBA46293F2A3A00FA0858 /* Frameworks */ = {
			isa = PBXFrameworksBuildPhase;
			buildActionMask = 2147483647;
			files = (
			);
			runOnlyForDeploymentPostprocessing = 0;
		};
		229FBA512941E68100FA0858 /* Frameworks */ = {
			isa = PBXFrameworksBuildPhase;
			buildActionMask = 2147483647;
			files = (
			);
			runOnlyForDeploymentPostprocessing = 0;
		};
		22A178E229125638009F9B2B /* Frameworks */ = {
			isa = PBXFrameworksBuildPhase;
			buildActionMask = 2147483647;
			files = (
			);
			runOnlyForDeploymentPostprocessing = 0;
		};
		22A178F129126A32009F9B2B /* Frameworks */ = {
			isa = PBXFrameworksBuildPhase;
			buildActionMask = 2147483647;
			files = (
			);
			runOnlyForDeploymentPostprocessing = 0;
		};
		22A178FC2913641F009F9B2B /* Frameworks */ = {
			isa = PBXFrameworksBuildPhase;
			buildActionMask = 2147483647;
			files = (
			);
			runOnlyForDeploymentPostprocessing = 0;
		};
/* End PBXFrameworksBuildPhase section */

/* Begin PBXGroup section */
		2228C27E2915124E005394B2 /* 使用NSPopover来显示状态栏应用的内部状态 */ = {
			isa = PBXGroup;
			children = (
				2228C27F2915124E005394B2 /* main.m */,
			);
			path = "使用NSPopover来显示状态栏应用的内部状态";
			sourceTree = "<group>";
		};
		228D4549292482B9005ED0D3 /* webview-OC与JS通讯 */ = {
			isa = PBXGroup;
			children = (
				228D454A292482B9005ED0D3 /* main.m */,
				228D455229277684005ED0D3 /* MyWebView.h */,
				228D455329277684005ED0D3 /* MyWebView.m */,
			);
			path = "webview-OC与JS通讯";
			sourceTree = "<group>";
		};
		228D455A2929B840005ED0D3 /* 设置App的delegate */ = {
			isa = PBXGroup;
			children = (
				228D455B2929B840005ED0D3 /* main.m */,
			);
			path = "设置App的delegate";
			sourceTree = "<group>";
		};
		229FBA4A293F2A3A00FA0858 /* 打开webview的Inspect */ = {
			isa = PBXGroup;
			children = (
				229FBA4B293F2A3A00FA0858 /* main.m */,
			);
			path = "打开webview的Inspect";
			sourceTree = "<group>";
		};
		229FBA552941E68100FA0858 /* objective-c runtime */ = {
			isa = PBXGroup;
			children = (
				229FBA562941E68100FA0858 /* main.m */,
			);
			path = "objective-c runtime";
			sourceTree = "<group>";
		};
		22A178DC29125638009F9B2B = {
			isa = PBXGroup;
			children = (
				22A178EF29125A5E009F9B2B /* README.md */,
				22A178E729125638009F9B2B /* 打开一个简单的窗口 */,
				22A178F529126A32009F9B2B /* 一个简单的webview应用 */,
				22A179002913641F009F9B2B /* 一个简单的状态栏软件 */,
				2228C27E2915124E005394B2 /* 使用NSPopover来显示状态栏应用的内部状态 */,
				228D4549292482B9005ED0D3 /* webview-OC与JS通讯 */,
				228D455A2929B840005ED0D3 /* 设置App的delegate */,
				229FBA4A293F2A3A00FA0858 /* 打开webview的Inspect */,
				229FBA552941E68100FA0858 /* objective-c runtime */,
				22A178E629125638009F9B2B /* Products */,
			);
			sourceTree = "<group>";
		};
		22A178E629125638009F9B2B /* Products */ = {
			isa = PBXGroup;
			children = (
				22A178E529125638009F9B2B /* Explore MacOS Developer */,
				22A178F429126A32009F9B2B /* 一个简单的webview应用 */,
				22A178FF2913641F009F9B2B /* 一个简单的状态栏软件 */,
				2228C27D2915124E005394B2 /* 使用NSPopover来显示状态栏应用的内部状态 */,
				228D4548292482B9005ED0D3 /* webview-OC与JS通讯 */,
				228D45592929B840005ED0D3 /* 设置App的delegate */,
				229FBA49293F2A3A00FA0858 /* 打开webview的Inspect */,
				229FBA542941E68100FA0858 /* objective-c runtime */,
			);
			name = Products;
			sourceTree = "<group>";
		};
		22A178E729125638009F9B2B /* 打开一个简单的窗口 */ = {
			isa = PBXGroup;
			children = (
				22A178E829125638009F9B2B /* main.m */,
			);
			path = "打开一个简单的窗口";
			sourceTree = "<group>";
		};
		22A178F529126A32009F9B2B /* 一个简单的webview应用 */ = {
			isa = PBXGroup;
			children = (
				22A178F629126A32009F9B2B /* main.m */,
			);
			path = "一个简单的webview应用";
			sourceTree = "<group>";
		};
		22A179002913641F009F9B2B /* 一个简单的状态栏软件 */ = {
			isa = PBXGroup;
			children = (
				22A179012913641F009F9B2B /* main.m */,
			);
			path = "一个简单的状态栏软件";
			sourceTree = "<group>";
		};
/* End PBXGroup section */

/* Begin PBXNativeTarget section */
		2228C27C2915124E005394B2 /* 使用NSPopover来显示状态栏应用的内部状态 */ = {
			isa = PBXNativeTarget;
			buildConfigurationList = 2228C2832915124E005394B2 /* Build configuration list for PBXNativeTarget "使用NSPopover来显示状态栏应用的内部状态" */;
			buildPhases = (
				2228C2792915124E005394B2 /* Sources */,
				2228C27A2915124E005394B2 /* Frameworks */,
				2228C27B2915124E005394B2 /* CopyFiles */,
			);
			buildRules = (
			);
			dependencies = (
			);
			name = "使用NSPopover来显示状态栏应用的内部状态";
			productName = "使用NSPopover来显示状态栏应用的内部状态";
			productReference = 2228C27D2915124E005394B2 /* 使用NSPopover来显示状态栏应用的内部状态 */;
			productType = "com.apple.product-type.tool";
		};
		228D4547292482B9005ED0D3 /* webview-OC与JS通讯 */ = {
			isa = PBXNativeTarget;
			buildConfigurationList = 228D454E292482B9005ED0D3 /* Build configuration list for PBXNativeTarget "webview-OC与JS通讯" */;
			buildPhases = (
				228D4544292482B9005ED0D3 /* Sources */,
				228D4545292482B9005ED0D3 /* Frameworks */,
				228D4546292482B9005ED0D3 /* CopyFiles */,
			);
			buildRules = (
			);
			dependencies = (
			);
			name = "webview-OC与JS通讯";
			productName = "webview-OC与JS通讯";
			productReference = 228D4548292482B9005ED0D3 /* webview-OC与JS通讯 */;
			productType = "com.apple.product-type.tool";
		};
		228D45582929B840005ED0D3 /* 设置App的delegate */ = {
			isa = PBXNativeTarget;
			buildConfigurationList = 228D455F2929B840005ED0D3 /* Build configuration list for PBXNativeTarget "设置App的delegate" */;
			buildPhases = (
				228D45552929B840005ED0D3 /* Sources */,
				228D45562929B840005ED0D3 /* Frameworks */,
				228D45572929B840005ED0D3 /* CopyFiles */,
			);
			buildRules = (
			);
			dependencies = (
			);
			name = "设置App的delegate";
			productName = "设置App的delegate";
			productReference = 228D45592929B840005ED0D3 /* 设置App的delegate */;
			productType = "com.apple.product-type.tool";
		};
		229FBA48293F2A3A00FA0858 /* 打开webview的Inspect */ = {
			isa = PBXNativeTarget;
			buildConfigurationList = 229FBA4F293F2A3A00FA0858 /* Build configuration list for PBXNativeTarget "打开webview的Inspect" */;
			buildPhases = (
				229FBA45293F2A3A00FA0858 /* Sources */,
				229FBA46293F2A3A00FA0858 /* Frameworks */,
				229FBA47293F2A3A00FA0858 /* CopyFiles */,
			);
			buildRules = (
			);
			dependencies = (
			);
			name = "打开webview的Inspect";
			productName = "打开webview的Inspect";
			productReference = 229FBA49293F2A3A00FA0858 /* 打开webview的Inspect */;
			productType = "com.apple.product-type.tool";
		};
		229FBA532941E68100FA0858 /* objective-c runtime */ = {
			isa = PBXNativeTarget;
			buildConfigurationList = 229FBA5A2941E68100FA0858 /* Build configuration list for PBXNativeTarget "objective-c runtime" */;
			buildPhases = (
				229FBA502941E68100FA0858 /* Sources */,
				229FBA512941E68100FA0858 /* Frameworks */,
				229FBA522941E68100FA0858 /* CopyFiles */,
			);
			buildRules = (
			);
			dependencies = (
			);
			name = "objective-c runtime";
			productName = "objective-c runtime";
			productReference = 229FBA542941E68100FA0858 /* objective-c runtime */;
			productType = "com.apple.product-type.tool";
		};
		22A178E429125638009F9B2B /* Explore MacOS Developer */ = {
			isa = PBXNativeTarget;
			buildConfigurationList = 22A178EC29125638009F9B2B /* Build configuration list for PBXNativeTarget "Explore MacOS Developer" */;
			buildPhases = (
				22A178E129125638009F9B2B /* Sources */,
				22A178E229125638009F9B2B /* Frameworks */,
				22A178E329125638009F9B2B /* CopyFiles */,
			);
			buildRules = (
			);
			dependencies = (
			);
			name = "Explore MacOS Developer";
			productName = "Explore MacOS Developer";
			productReference = 22A178E529125638009F9B2B /* Explore MacOS Developer */;
			productType = "com.apple.product-type.tool";
		};
		22A178F329126A32009F9B2B /* 一个简单的webview应用 */ = {
			isa = PBXNativeTarget;
			buildConfigurationList = 22A178F829126A32009F9B2B /* Build configuration list for PBXNativeTarget "一个简单的webview应用" */;
			buildPhases = (
				22A178F029126A32009F9B2B /* Sources */,
				22A178F129126A32009F9B2B /* Frameworks */,
				22A178F229126A32009F9B2B /* CopyFiles */,
			);
			buildRules = (
			);
			dependencies = (
			);
			name = "一个简单的webview应用";
			productName = "一个简单的webview应用";
			productReference = 22A178F429126A32009F9B2B /* 一个简单的webview应用 */;
			productType = "com.apple.product-type.tool";
		};
		22A178FE2913641F009F9B2B /* 一个简单的状态栏软件 */ = {
			isa = PBXNativeTarget;
			buildConfigurationList = 22A179052913641F009F9B2B /* Build configuration list for PBXNativeTarget "一个简单的状态栏软件" */;
			buildPhases = (
				22A178FB2913641F009F9B2B /* Sources */,
				22A178FC2913641F009F9B2B /* Frameworks */,
				22A178FD2913641F009F9B2B /* CopyFiles */,
			);
			buildRules = (
			);
			dependencies = (
			);
			name = "一个简单的状态栏软件";
			productName = "一个简单的状态栏软件";
			productReference = 22A178FF2913641F009F9B2B /* 一个简单的状态栏软件 */;
			productType = "com.apple.product-type.tool";
		};
/* End PBXNativeTarget section */

/* Begin PBXProject section */
		22A178DD29125638009F9B2B /* Project object */ = {
			isa = PBXProject;
			attributes = {
				BuildIndependentTargetsInParallel = 1;
				LastUpgradeCheck = 1400;
				TargetAttributes = {
					2228C27C2915124E005394B2 = {
						CreatedOnToolsVersion = 14.1;
					};
					228D4547292482B9005ED0D3 = {
						CreatedOnToolsVersion = 14.1;
					};
					228D45582929B840005ED0D3 = {
						CreatedOnToolsVersion = 14.1;
					};
					229FBA48293F2A3A00FA0858 = {
						CreatedOnToolsVersion = 14.1;
					};
					229FBA532941E68100FA0858 = {
						CreatedOnToolsVersion = 14.1;
					};
					22A178E429125638009F9B2B = {
						CreatedOnToolsVersion = 14.0.1;
					};
					22A178F329126A32009F9B2B = {
						CreatedOnToolsVersion = 14.0.1;
					};
					22A178FE2913641F009F9B2B = {
						CreatedOnToolsVersion = 14.0.1;
					};
				};
			};
			buildConfigurationList = 22A178E029125638009F9B2B /* Build configuration list for PBXProject "Explore MacOS Developer" */;
			compatibilityVersion = "Xcode 14.0";
			developmentRegion = en;
			hasScannedForEncodings = 0;
			knownRegions = (
				en,
				Base,
			);
			mainGroup = 22A178DC29125638009F9B2B;
			productRefGroup = 22A178E629125638009F9B2B /* Products */;
			projectDirPath = "";
			projectRoot = "";
			targets = (
				22A178E429125638009F9B2B /* Explore MacOS Developer */,
				22A178F329126A32009F9B2B /* 一个简单的webview应用 */,
				22A178FE2913641F009F9B2B /* 一个简单的状态栏软件 */,
				2228C27C2915124E005394B2 /* 使用NSPopover来显示状态栏应用的内部状态 */,
				228D4547292482B9005ED0D3 /* webview-OC与JS通讯 */,
				228D45582929B840005ED0D3 /* 设置App的delegate */,
				229FBA48293F2A3A00FA0858 /* 打开webview的Inspect */,
				229FBA532941E68100FA0858 /* objective-c runtime */,
			);
		};
/* End PBXProject section */

/* Begin PBXSourcesBuildPhase section */
		2228C2792915124E005394B2 /* Sources */ = {
			isa = PBXSourcesBuildPhase;
			buildActionMask = 2147483647;
			files = (
				2228C2802915124E005394B2 /* main.m in Sources */,
			);
			runOnlyForDeploymentPostprocessing = 0;
		};
		228D4544292482B9005ED0D3 /* Sources */ = {
			isa = PBXSourcesBuildPhase;
			buildActionMask = 2147483647;
			files = (
				228D454B292482B9005ED0D3 /* main.m in Sources */,
				228D455429277684005ED0D3 /* MyWebView.m in Sources */,
			);
			runOnlyForDeploymentPostprocessing = 0;
		};
		228D45552929B840005ED0D3 /* Sources */ = {
			isa = PBXSourcesBuildPhase;
			buildActionMask = 2147483647;
			files = (
				228D455C2929B840005ED0D3 /* main.m in Sources */,
			);
			runOnlyForDeploymentPostprocessing = 0;
		};
		229FBA45293F2A3A00FA0858 /* Sources */ = {
			isa = PBXSourcesBuildPhase;
			buildActionMask = 2147483647;
			files = (
				229FBA4C293F2A3A00FA0858 /* main.m in Sources */,
			);
			runOnlyForDeploymentPostprocessing = 0;
		};
		229FBA502941E68100FA0858 /* Sources */ = {
			isa = PBXSourcesBuildPhase;
			buildActionMask = 2147483647;
			files = (
				229FBA572941E68100FA0858 /* main.m in Sources */,
			);
			runOnlyForDeploymentPostprocessing = 0;
		};
		22A178E129125638009F9B2B /* Sources */ = {
			isa = PBXSourcesBuildPhase;
			buildActionMask = 2147483647;
			files = (
				22A178E929125638009F9B2B /* main.m in Sources */,
			);
			runOnlyForDeploymentPostprocessing = 0;
		};
		22A178F029126A32009F9B2B /* Sources */ = {
			isa = PBXSourcesBuildPhase;
			buildActionMask = 2147483647;
			files = (
				22A178F729126A32009F9B2B /* main.m in Sources */,
			);
			runOnlyForDeploymentPostprocessing = 0;
		};
		22A178FB2913641F009F9B2B /* Sources */ = {
			isa = PBXSourcesBuildPhase;
			buildActionMask = 2147483647;
			files = (
				22A179022913641F009F9B2B /* main.m in Sources */,
			);
			runOnlyForDeploymentPostprocessing = 0;
		};
/* End PBXSourcesBuildPhase section */

/* Begin XCBuildConfiguration section */
		2228C2812915124E005394B2 /* Debug */ = {
			isa = XCBuildConfiguration;
			buildSettings = {
				CODE_SIGN_STYLE = Automatic;
				MACOSX_DEPLOYMENT_TARGET = 12.6;
				PRODUCT_NAME = "$(TARGET_NAME)";
			};
			name = Debug;
		};
		2228C2822915124E005394B2 /* Release */ = {
			isa = XCBuildConfiguration;
			buildSettings = {
				CODE_SIGN_STYLE = Automatic;
				MACOSX_DEPLOYMENT_TARGET = 12.6;
				PRODUCT_NAME = "$(TARGET_NAME)";
			};
			name = Release;
		};
		228D454C292482B9005ED0D3 /* Debug */ = {
			isa = XCBuildConfiguration;
			buildSettings = {
				CODE_SIGN_STYLE = Automatic;
				MACOSX_DEPLOYMENT_TARGET = 12.6;
				PRODUCT_NAME = "$(TARGET_NAME)";
			};
			name = Debug;
		};
		228D454D292482B9005ED0D3 /* Release */ = {
			isa = XCBuildConfiguration;
			buildSettings = {
				CODE_SIGN_STYLE = Automatic;
				MACOSX_DEPLOYMENT_TARGET = 12.6;
				PRODUCT_NAME = "$(TARGET_NAME)";
			};
			name = Release;
		};
		228D455D2929B840005ED0D3 /* Debug */ = {
			isa = XCBuildConfiguration;
			buildSettings = {
				CODE_SIGN_STYLE = Automatic;
				MACOSX_DEPLOYMENT_TARGET = 12.6;
				PRODUCT_NAME = "$(TARGET_NAME)";
			};
			name = Debug;
		};
		228D455E2929B840005ED0D3 /* Release */ = {
			isa = XCBuildConfiguration;
			buildSettings = {
				CODE_SIGN_STYLE = Automatic;
				MACOSX_DEPLOYMENT_TARGET = 12.6;
				PRODUCT_NAME = "$(TARGET_NAME)";
			};
			name = Release;
		};
		229FBA4D293F2A3A00FA0858 /* Debug */ = {
			isa = XCBuildConfiguration;
			buildSettings = {
				CODE_SIGN_STYLE = Automatic;
				MACOSX_DEPLOYMENT_TARGET = 13.0;
				PRODUCT_NAME = "$(TARGET_NAME)";
			};
			name = Debug;
		};
		229FBA4E293F2A3A00FA0858 /* Release */ = {
			isa = XCBuildConfiguration;
			buildSettings = {
				CODE_SIGN_STYLE = Automatic;
				MACOSX_DEPLOYMENT_TARGET = 13.0;
				PRODUCT_NAME = "$(TARGET_NAME)";
			};
			name = Release;
		};
		229FBA582941E68100FA0858 /* Debug */ = {
			isa = XCBuildConfiguration;
			buildSettings = {
				CODE_SIGN_STYLE = Automatic;
				MACOSX_DEPLOYMENT_TARGET = 13.0;
				PRODUCT_NAME = "$(TARGET_NAME)";
			};
			name = Debug;
		};
		229FBA592941E68100FA0858 /* Release */ = {
			isa = XCBuildConfiguration;
			buildSettings = {
				CODE_SIGN_STYLE = Automatic;
				MACOSX_DEPLOYMENT_TARGET = 13.0;
				PRODUCT_NAME = "$(TARGET_NAME)";
			};
			name = Release;
		};
		22A178EA29125638009F9B2B /* Debug */ = {
			isa = XCBuildConfiguration;
			buildSettings = {
				ALWAYS_SEARCH_USER_PATHS = NO;
				CLANG_ANALYZER_NONNULL = YES;
				CLANG_ANALYZER_NUMBER_OBJECT_CONVERSION = YES_AGGRESSIVE;
				CLANG_CXX_LANGUAGE_STANDARD = "gnu++20";
				CLANG_ENABLE_MODULES = YES;
				CLANG_ENABLE_OBJC_ARC = YES;
				CLANG_ENABLE_OBJC_WEAK = YES;
				CLANG_WARN_BLOCK_CAPTURE_AUTORELEASING = YES;
				CLANG_WARN_BOOL_CONVERSION = YES;
				CLANG_WARN_COMMA = YES;
				CLANG_WARN_CONSTANT_CONVERSION = YES;
				CLANG_WARN_DEPRECATED_OBJC_IMPLEMENTATIONS = YES;
				CLANG_WARN_DIRECT_OBJC_ISA_USAGE = YES_ERROR;
				CLANG_WARN_DOCUMENTATION_COMMENTS = YES;
				CLANG_WARN_EMPTY_BODY = YES;
				CLANG_WARN_ENUM_CONVERSION = YES;
				CLANG_WARN_INFINITE_RECURSION = YES;
				CLANG_WARN_INT_CONVERSION = YES;
				CLANG_WARN_NON_LITERAL_NULL_CONVERSION = YES;
				CLANG_WARN_OBJC_IMPLICIT_RETAIN_SELF = YES;
				CLANG_WARN_OBJC_LITERAL_CONVERSION = YES;
				CLANG_WARN_OBJC_ROOT_CLASS = YES_ERROR;
				CLANG_WARN_QUOTED_INCLUDE_IN_FRAMEWORK_HEADER = YES;
				CLANG_WARN_RANGE_LOOP_ANALYSIS = YES;
				CLANG_WARN_STRICT_PROTOTYPES = YES;
				CLANG_WARN_SUSPICIOUS_MOVE = YES;
				CLANG_WARN_UNGUARDED_AVAILABILITY = YES_AGGRESSIVE;
				CLANG_WARN_UNREACHABLE_CODE = YES;
				CLANG_WARN__DUPLICATE_METHOD_MATCH = YES;
				COPY_PHASE_STRIP = NO;
				DEBUG_INFORMATION_FORMAT = dwarf;
				ENABLE_STRICT_OBJC_MSGSEND = YES;
				ENABLE_TESTABILITY = YES;
				GCC_C_LANGUAGE_STANDARD = gnu11;
				GCC_DYNAMIC_NO_PIC = NO;
				GCC_NO_COMMON_BLOCKS = YES;
				GCC_OPTIMIZATION_LEVEL = 0;
				GCC_PREPROCESSOR_DEFINITIONS = (
					"DEBUG=1",
					"$(inherited)",
				);
				GCC_WARN_64_TO_32_BIT_CONVERSION = YES;
				GCC_WARN_ABOUT_RETURN_TYPE = YES_ERROR;
				GCC_WARN_UNDECLARED_SELECTOR = YES;
				GCC_WARN_UNINITIALIZED_AUTOS = YES_AGGRESSIVE;
				GCC_WARN_UNUSED_FUNCTION = YES;
				GCC_WARN_UNUSED_VARIABLE = YES;
				MACOSX_DEPLOYMENT_TARGET = 12.3;
				MTL_ENABLE_DEBUG_INFO = INCLUDE_SOURCE;
				MTL_FAST_MATH = YES;
				ONLY_ACTIVE_ARCH = YES;
				SDKROOT = macosx;
			};
			name = Debug;
		};
		22A178EB29125638009F9B2B /* Release */ = {
			isa = XCBuildConfiguration;
			buildSettings = {
				ALWAYS_SEARCH_USER_PATHS = NO;
				CLANG_ANALYZER_NONNULL = YES;
				CLANG_ANALYZER_NUMBER_OBJECT_CONVERSION = YES_AGGRESSIVE;
				CLANG_CXX_LANGUAGE_STANDARD = "gnu++20";
				CLANG_ENABLE_MODULES = YES;
				CLANG_ENABLE_OBJC_ARC = YES;
				CLANG_ENABLE_OBJC_WEAK = YES;
				CLANG_WARN_BLOCK_CAPTURE_AUTORELEASING = YES;
				CLANG_WARN_BOOL_CONVERSION = YES;
				CLANG_WARN_COMMA = YES;
				CLANG_WARN_CONSTANT_CONVERSION = YES;
				CLANG_WARN_DEPRECATED_OBJC_IMPLEMENTATIONS = YES;
				CLANG_WARN_DIRECT_OBJC_ISA_USAGE = YES_ERROR;
				CLANG_WARN_DOCUMENTATION_COMMENTS = YES;
				CLANG_WARN_EMPTY_BODY = YES;
				CLANG_WARN_ENUM_CONVERSION = YES;
				CLANG_WARN_INFINITE_RECURSION = YES;
				CLANG_WARN_INT_CONVERSION = YES;
				CLANG_WARN_NON_LITERAL_NULL_CONVERSION = YES;
				CLANG_WARN_OBJC_IMPLICIT_RETAIN_SELF = YES;
				CLANG_WARN_OBJC_LITERAL_CONVERSION = YES;
				CLANG_WARN_OBJC_ROOT_CLASS = YES_ERROR;
				CLANG_WARN_QUOTED_INCLUDE_IN_FRAMEWORK_HEADER = YES;
				CLANG_WARN_RANGE_LOOP_ANALYSIS = YES;
				CLANG_WARN_STRICT_PROTOTYPES = YES;
				CLANG_WARN_SUSPICIOUS_MOVE = YES;
				CLANG_WARN_UNGUARDED_AVAILABILITY = YES_AGGRESSIVE;
				CLANG_WARN_UNREACHABLE_CODE = YES;
				CLANG_WARN__DUPLICATE_METHOD_MATCH = YES;
				COPY_PHASE_STRIP = NO;
				DEBUG_INFORMATION_FORMAT = "dwarf-with-dsym";
				ENABLE_NS_ASSERTIONS = NO;
				ENABLE_STRICT_OBJC_MSGSEND = YES;
				GCC_C_LANGUAGE_STANDARD = gnu11;
				GCC_NO_COMMON_BLOCKS = YES;
				GCC_WARN_64_TO_32_BIT_CONVERSION = YES;
				GCC_WARN_ABOUT_RETURN_TYPE = YES_ERROR;
				GCC_WARN_UNDECLARED_SELECTOR = YES;
				GCC_WARN_UNINITIALIZED_AUTOS = YES_AGGRESSIVE;
				GCC_WARN_UNUSED_FUNCTION = YES;
				GCC_WARN_UNUSED_VARIABLE = YES;
				MACOSX_DEPLOYMENT_TARGET = 12.3;
				MTL_ENABLE_DEBUG_INFO = NO;
				MTL_FAST_MATH = YES;
				SDKROOT = macosx;
			};
			name = Release;
		};
		22A178ED29125638009F9B2B /* Debug */ = {
			isa = XCBuildConfiguration;
			buildSettings = {
				CODE_SIGN_STYLE = Automatic;
				INFOPLIST_FILE = "$(SRCROOT)/一个简单的状态栏软件/info.plist";
				PRODUCT_BUNDLE_IDENTIFIER = "";
				PRODUCT_NAME = "$(TARGET_NAME)";
			};
			name = Debug;
		};
		22A178EE29125638009F9B2B /* Release */ = {
			isa = XCBuildConfiguration;
			buildSettings = {
				CODE_SIGN_STYLE = Automatic;
				INFOPLIST_FILE = "$(SRCROOT)/一个简单的状态栏软件/info.plist";
				PRODUCT_BUNDLE_IDENTIFIER = "";
				PRODUCT_NAME = "$(TARGET_NAME)";
			};
			name = Release;
		};
		22A178F929126A32009F9B2B /* Debug */ = {
			isa = XCBuildConfiguration;
			buildSettings = {
				CODE_SIGN_STYLE = Automatic;
				PRODUCT_NAME = "$(TARGET_NAME)";
			};
			name = Debug;
		};
		22A178FA29126A32009F9B2B /* Release */ = {
			isa = XCBuildConfiguration;
			buildSettings = {
				CODE_SIGN_STYLE = Automatic;
				PRODUCT_NAME = "$(TARGET_NAME)";
			};
			name = Release;
		};
		22A179032913641F009F9B2B /* Debug */ = {
			isa = XCBuildConfiguration;
			buildSettings = {
				CODE_SIGN_STYLE = Automatic;
				INFOPLIST_FILE = "$(SRCROOT)/一个简单的状态栏软件/info.plist";
				PRODUCT_NAME = "$(TARGET_NAME)";
			};
			name = Debug;
		};
		22A179042913641F009F9B2B /* Release */ = {
			isa = XCBuildConfiguration;
			buildSettings = {
				CODE_SIGN_STYLE = Automatic;
				INFOPLIST_FILE = "$(SRCROOT)/一个简单的状态栏软件/info.plist";
				PRODUCT_NAME = "$(TARGET_NAME)";
			};
			name = Release;
		};
/* End XCBuildConfiguration section */

/* Begin XCConfigurationList section */
		2228C2832915124E005394B2 /* Build configuration list for PBXNativeTarget "使用NSPopover来显示状态栏应用的内部状态" */ = {
			isa = XCConfigurationList;
			buildConfigurations = (
				2228C2812915124E005394B2 /* Debug */,
				2228C2822915124E005394B2 /* Release */,
			);
			defaultConfigurationIsVisible = 0;
			defaultConfigurationName = Release;
		};
		228D454E292482B9005ED0D3 /* Build configuration list for PBXNativeTarget "webview-OC与JS通讯" */ = {
			isa = XCConfigurationList;
			buildConfigurations = (
				228D454C292482B9005ED0D3 /* Debug */,
				228D454D292482B9005ED0D3 /* Release */,
			);
			defaultConfigurationIsVisible = 0;
			defaultConfigurationName = Release;
		};
		228D455F2929B840005ED0D3 /* Build configuration list for PBXNativeTarget "设置App的delegate" */ = {
			isa = XCConfigurationList;
			buildConfigurations = (
				228D455D2929B840005ED0D3 /* Debug */,
				228D455E2929B840005ED0D3 /* Release */,
			);
			defaultConfigurationIsVisible = 0;
			defaultConfigurationName = Release;
		};
		229FBA4F293F2A3A00FA0858 /* Build configuration list for PBXNativeTarget "打开webview的Inspect" */ = {
			isa = XCConfigurationList;
			buildConfigurations = (
				229FBA4D293F2A3A00FA0858 /* Debug */,
				229FBA4E293F2A3A00FA0858 /* Release */,
			);
			defaultConfigurationIsVisible = 0;
			defaultConfigurationName = Release;
		};
		229FBA5A2941E68100FA0858 /* Build configuration list for PBXNativeTarget "objective-c runtime" */ = {
			isa = XCConfigurationList;
			buildConfigurations = (
				229FBA582941E68100FA0858 /* Debug */,
				229FBA592941E68100FA0858 /* Release */,
			);
			defaultConfigurationIsVisible = 0;
			defaultConfigurationName = Release;
		};
		22A178E029125638009F9B2B /* Build configuration list for PBXProject "Explore MacOS Developer" */ = {
			isa = XCConfigurationList;
			buildConfigurations = (
				22A178EA29125638009F9B2B /* Debug */,
				22A178EB29125638009F9B2B /* Release */,
			);
			defaultConfigurationIsVisible = 0;
			defaultConfigurationName = Release;
		};
		22A178EC29125638009F9B2B /* Build configuration list for PBXNativeTarget "Explore MacOS Developer" */ = {
			isa = XCConfigurationList;
			buildConfigurations = (
				22A178ED29125638009F9B2B /* Debug */,
				22A178EE29125638009F9B2B /* Release */,
			);
			defaultConfigurationIsVisible = 0;
			defaultConfigurationName = Release;
		};
		22A178F829126A32009F9B2B /* Build configuration list for PBXNativeTarget "一个简单的webview应用" */ = {
			isa = XCConfigurationList;
			buildConfigurations = (
				22A178F929126A32009F9B2B /* Debug */,
				22A178FA29126A32009F9B2B /* Release */,
			);
			defaultConfigurationIsVisible = 0;
			defaultConfigurationName = Release;
		};
		22A179052913641F009F9B2B /* Build configuration list for PBXNativeTarget "一个简单的状态栏软件" */ = {
			isa = XCConfigurationList;
			buildConfigurations = (
				22A179032913641F009F9B2B /* Debug */,
				22A179042913641F009F9B2B /* Release */,
			);
			defaultConfigurationIsVisible = 0;
			defaultConfigurationName = Release;
		};
/* End XCConfigurationList section */
	};
	rootObject = 22A178DD29125638009F9B2B /* Project object */;
}
